
Microsoft Visual Studio Solution File, Format Version 12.00
# Visual Studio 2012
Project("{A0786B88-2ADB-4C21-ABE8-AA2D79766269}") = "TimKM", "TimKM\TimKM.phpproj", "{F7276205-2E93-47D9-9568-CA3D6C1B4C6D}"
EndProject
Global
	GlobalSection(SolutionConfigurationPlatforms) = preSolution
		Local|PHP 5 = Local|PHP 5
		Production|PHP 5 = Production|PHP 5
		Staging|PHP 5 = Staging|PHP 5
	EndGlobalSection
	GlobalSection(ProjectConfigurationPlatforms) = postSolution
		{F7276205-2E93-47D9-9568-CA3D6C1B4C6D}.Local|PHP 5.ActiveCfg = Local|PHP 5
		{F7276205-2E93-47D9-9568-CA3D6C1B4C6D}.Local|PHP 5.Deploy.0 = Local|PHP 5
		{F7276205-2E93-47D9-9568-CA3D6C1B4C6D}.Production|PHP 5.ActiveCfg = Production|PHP 5
		{F7276205-2E93-47D9-9568-CA3D6C1B4C6D}.Production|PHP 5.Deploy.0 = Production|PHP 5
		{F7276205-2E93-47D9-9568-CA3D6C1B4C6D}.Staging|PHP 5.ActiveCfg = Staging|PHP 5
		{F7276205-2E93-47D9-9568-CA3D6C1B4C6D}.Staging|PHP 5.Deploy.0 = Staging|PHP 5
	EndGlobalSection
	GlobalSection(SolutionProperties) = preSolution
		HideSolutionNode = FALSE
	EndGlobalSection
EndGlobal
